
Microsoft Visual Studio Solution File, Format Version 12.00
# Visual Studio Version 17
VisualStudioVersion = 17.0.31423.177
MinimumVisualStudioVersion = 10.0.40219.1
Project("{FAE04EC0-301F-11D3-BF4B-00C04F79EFBC}") = "Dialer", "Dialer\Dialer.csproj", "{51BB3779-D2B9-49B5-AF9D-9838E114A869}"
EndProject
Project("{FAE04EC0-301F-11D3-BF4B-00C04F79EFBC}") = "Internal.Windows.Calls", "Internal.Windows.Calls\Internal.Windows.Calls\Internal.Windows.Calls.csproj", "{35E52B56-36F5-4820-8626-8547FEFD7666}"
EndProject
Global
	GlobalSection(SolutionConfigurationPlatforms) = preSolution
		Debug|ARM = Debug|ARM
		Debug|ARM64 = Debug|ARM64
		Debug|x64 = Debug|x64
		Debug|x86 = Debug|x86
		Release|ARM = Release|ARM
		Release|ARM64 = Release|ARM64
		Release|x64 = Release|x64
		Release|x86 = Release|x86
	EndGlobalSection
	GlobalSection(ProjectConfigurationPlatforms) = postSolution
		{51BB3779-D2B9-49B5-AF9D-9838E114A869}.Debug|ARM.ActiveCfg = Debug|ARM
		{51BB3779-D2B9-49B5-AF9D-9838E114A869}.Debug|ARM.Build.0 = Debug|ARM
		{51BB3779-D2B9-49B5-AF9D-9838E114A869}.Debug|ARM.Deploy.0 = Debug|ARM
		{51BB3779-D2B9-49B5-AF9D-9838E114A869}.Debug|ARM64.ActiveCfg = Debug|ARM64
		{51BB3779-D2B9-49B5-AF9D-9838E114A869}.Debug|ARM64.Build.0 = Debug|ARM64
		{51BB3779-D2B9-49B5-AF9D-9838E114A869}.Debug|ARM64.Deploy.0 = Debug|ARM64
		{51BB3779-D2B9-49B5-AF9D-9838E114A869}.Debug|x64.ActiveCfg = Debug|x64
		{51BB3779-D2B9-49B5-AF9D-9838E114A869}.Debug|x64.Build.0 = Debug|x64
		{51BB3779-D2B9-49B5-AF9D-9838E114A869}.Debug|x64.Deploy.0 = Debug|x64
		{51BB3779-D2B9-49B5-AF9D-9838E114A869}.Debug|x86.ActiveCfg = Debug|x86
		{51BB3779-D2B9-49B5-AF9D-9838E114A869}.Debug|x86.Build.0 = Debug|x86
		{51BB3779-D2B9-49B5-AF9D-9838E114A869}.Debug|x86.Deploy.0 = Debug|x86
		{51BB3779-D2B9-49B5-AF9D-9838E114A869}.Release|ARM.ActiveCfg = Release|ARM
		{51BB3779-D2B9-49B5-AF9D-9838E114A869}.Release|ARM.Build.0 = Release|ARM
		{51BB3779-D2B9-49B5-AF9D-9838E114A869}.Release|ARM.Deploy.0 = Release|ARM
		{51BB3779-D2B9-49B5-AF9D-9838E114A869}.Release|ARM64.ActiveCfg = Release|ARM64
		{51BB3779-D2B9-49B5-AF9D-9838E114A869}.Release|ARM64.Build.0 = Release|ARM64
		{51BB3779-D2B9-49B5-AF9D-9838E114A869}.Release|ARM64.Deploy.0 = Release|ARM64
		{51BB3779-D2B9-49B5-AF9D-9838E114A869}.Release|x64.ActiveCfg = Release|x64
		{51BB3779-D2B9-49B5-AF9D-9838E114A869}.Release|x64.Build.0 = Release|x64
		{51BB3779-D2B9-49B5-AF9D-9838E114A869}.Release|x64.Deploy.0 = Release|x64
		{51BB3779-D2B9-49B5-AF9D-9838E114A869}.Release|x86.ActiveCfg = Release|x86
		{51BB3779-D2B9-49B5-AF9D-9838E114A869}.Release|x86.Build.0 = Release|x86
		{51BB3779-D2B9-49B5-AF9D-9838E114A869}.Release|x86.Deploy.0 = Release|x86
		{35E52B56-36F5-4820-8626-8547FEFD7666}.Debug|ARM.ActiveCfg = Debug|ARM
		{35E52B56-36F5-4820-8626-8547FEFD7666}.Debug|ARM.Build.0 = Debug|ARM
		{35E52B56-36F5-4820-8626-8547FEFD7666}.Debug|ARM64.ActiveCfg = Debug|ARM64
		{35E52B56-36F5-4820-8626-8547FEFD7666}.Debug|ARM64.Build.0 = Debug|ARM64
		{35E52B56-36F5-4820-8626-8547FEFD7666}.Debug|x64.ActiveCfg = Debug|x64
		{35E52B56-36F5-4820-8626-8547FEFD7666}.Debug|x64.Build.0 = Debug|x64
		{35E52B56-36F5-4820-8626-8547FEFD7666}.Debug|x86.ActiveCfg = Debug|x86
		{35E52B56-36F5-4820-8626-8547FEFD7666}.Debug|x86.Build.0 = Debug|x86
		{35E52B56-36F5-4820-8626-8547FEFD7666}.Release|ARM.ActiveCfg = Release|ARM
		{35E52B56-36F5-4820-8626-8547FEFD7666}.Release|ARM.Build.0 = Release|ARM
		{35E52B56-36F5-4820-8626-8547FEFD7666}.Release|ARM64.ActiveCfg = Release|ARM64
		{35E52B56-36F5-4820-8626-8547FEFD7666}.Release|ARM64.Build.0 = Release|ARM64
		{35E52B56-36F5-4820-8626-8547FEFD7666}.Release|x64.ActiveCfg = Release|x64
		{35E52B56-36F5-4820-8626-8547FEFD7666}.Release|x64.Build.0 = Release|x64
		{35E52B56-36F5-4820-8626-8547FEFD7666}.Release|x86.ActiveCfg = Release|x86
		{35E52B56-36F5-4820-8626-8547FEFD7666}.Release|x86.Build.0 = Release|x86
	EndGlobalSection
	GlobalSection(SolutionProperties) = preSolution
		HideSolutionNode = FALSE
	EndGlobalSection
	GlobalSection(ExtensibilityGlobals) = postSolution
		SolutionGuid = {E806CFC3-147E-42BD-B0EC-E26A5EE405F7}
	EndGlobalSection
EndGlobal
