
Microsoft Visual Studio Solution File, Format Version 12.00
# Visual Studio Version 16
VisualStudioVersion = 16.0.28803.352
MinimumVisualStudioVersion = 10.0.40219.1
Project("{FAE04EC0-301F-11D3-BF4B-00C04F79EFBC}") = "WoADialer", "WoADialer\WoADialer.csproj", "{51BB3779-D2B9-49B5-AF9D-9838E114A869}"
EndProject
Project("{FAE04EC0-301F-11D3-BF4B-00C04F79EFBC}") = "WoADialerHelper", "WoADialerHelper\WoADialerHelper.csproj", "{E9A17A50-9CB2-4FC7-896A-F04A61E1F355}"
EndProject
Global
	GlobalSection(SolutionConfigurationPlatforms) = preSolution
		Debug|Any CPU = Debug|Any CPU
		Debug|ARM = Debug|ARM
		Debug|ARM64 = Debug|ARM64
		Debug|x64 = Debug|x64
		Debug|x86 = Debug|x86
		Release|Any CPU = Release|Any CPU
		Release|ARM = Release|ARM
		Release|ARM64 = Release|ARM64
		Release|x64 = Release|x64
		Release|x86 = Release|x86
	EndGlobalSection
	GlobalSection(ProjectConfigurationPlatforms) = postSolution
		{51BB3779-D2B9-49B5-AF9D-9838E114A869}.Debug|Any CPU.ActiveCfg = Debug|x86
		{51BB3779-D2B9-49B5-AF9D-9838E114A869}.Debug|ARM.ActiveCfg = Debug|ARM
		{51BB3779-D2B9-49B5-AF9D-9838E114A869}.Debug|ARM.Build.0 = Debug|ARM
		{51BB3779-D2B9-49B5-AF9D-9838E114A869}.Debug|ARM.Deploy.0 = Debug|ARM
		{51BB3779-D2B9-49B5-AF9D-9838E114A869}.Debug|ARM64.ActiveCfg = Release|ARM64
		{51BB3779-D2B9-49B5-AF9D-9838E114A869}.Debug|ARM64.Build.0 = Release|ARM64
		{51BB3779-D2B9-49B5-AF9D-9838E114A869}.Debug|x64.ActiveCfg = Debug|x64
		{51BB3779-D2B9-49B5-AF9D-9838E114A869}.Debug|x64.Build.0 = Debug|x64
		{51BB3779-D2B9-49B5-AF9D-9838E114A869}.Debug|x64.Deploy.0 = Debug|x64
		{51BB3779-D2B9-49B5-AF9D-9838E114A869}.Debug|x86.ActiveCfg = Debug|x86
		{51BB3779-D2B9-49B5-AF9D-9838E114A869}.Debug|x86.Build.0 = Debug|x86
		{51BB3779-D2B9-49B5-AF9D-9838E114A869}.Debug|x86.Deploy.0 = Debug|x86
		{51BB3779-D2B9-49B5-AF9D-9838E114A869}.Release|Any CPU.ActiveCfg = Release|x86
		{51BB3779-D2B9-49B5-AF9D-9838E114A869}.Release|ARM.ActiveCfg = Release|ARM
		{51BB3779-D2B9-49B5-AF9D-9838E114A869}.Release|ARM.Build.0 = Release|ARM
		{51BB3779-D2B9-49B5-AF9D-9838E114A869}.Release|ARM.Deploy.0 = Release|ARM
		{51BB3779-D2B9-49B5-AF9D-9838E114A869}.Release|ARM64.ActiveCfg = Release|ARM64
		{51BB3779-D2B9-49B5-AF9D-9838E114A869}.Release|ARM64.Build.0 = Release|ARM64
		{51BB3779-D2B9-49B5-AF9D-9838E114A869}.Release|ARM64.Deploy.0 = Release|ARM64
		{51BB3779-D2B9-49B5-AF9D-9838E114A869}.Release|x64.ActiveCfg = Release|x64
		{51BB3779-D2B9-49B5-AF9D-9838E114A869}.Release|x64.Build.0 = Release|x64
		{51BB3779-D2B9-49B5-AF9D-9838E114A869}.Release|x64.Deploy.0 = Release|x64
		{51BB3779-D2B9-49B5-AF9D-9838E114A869}.Release|x86.ActiveCfg = Release|x86
		{51BB3779-D2B9-49B5-AF9D-9838E114A869}.Release|x86.Build.0 = Release|x86
		{51BB3779-D2B9-49B5-AF9D-9838E114A869}.Release|x86.Deploy.0 = Release|x86
		{E9A17A50-9CB2-4FC7-896A-F04A61E1F355}.Debug|Any CPU.ActiveCfg = Debug|Any CPU
		{E9A17A50-9CB2-4FC7-896A-F04A61E1F355}.Debug|Any CPU.Build.0 = Debug|Any CPU
		{E9A17A50-9CB2-4FC7-896A-F04A61E1F355}.Debug|ARM.ActiveCfg = Debug|Any CPU
		{E9A17A50-9CB2-4FC7-896A-F04A61E1F355}.Debug|ARM.Build.0 = Debug|Any CPU
		{E9A17A50-9CB2-4FC7-896A-F04A61E1F355}.Debug|ARM64.ActiveCfg = Release|Any CPU
		{E9A17A50-9CB2-4FC7-896A-F04A61E1F355}.Debug|ARM64.Build.0 = Release|Any CPU
		{E9A17A50-9CB2-4FC7-896A-F04A61E1F355}.Debug|x64.ActiveCfg = Debug|Any CPU
		{E9A17A50-9CB2-4FC7-896A-F04A61E1F355}.Debug|x64.Build.0 = Debug|Any CPU
		{E9A17A50-9CB2-4FC7-896A-F04A61E1F355}.Debug|x86.ActiveCfg = Debug|Any CPU
		{E9A17A50-9CB2-4FC7-896A-F04A61E1F355}.Debug|x86.Build.0 = Debug|Any CPU
		{E9A17A50-9CB2-4FC7-896A-F04A61E1F355}.Release|Any CPU.ActiveCfg = Release|Any CPU
		{E9A17A50-9CB2-4FC7-896A-F04A61E1F355}.Release|Any CPU.Build.0 = Release|Any CPU
		{E9A17A50-9CB2-4FC7-896A-F04A61E1F355}.Release|ARM.ActiveCfg = Release|Any CPU
		{E9A17A50-9CB2-4FC7-896A-F04A61E1F355}.Release|ARM.Build.0 = Release|Any CPU
		{E9A17A50-9CB2-4FC7-896A-F04A61E1F355}.Release|ARM64.ActiveCfg = Release|Any CPU
		{E9A17A50-9CB2-4FC7-896A-F04A61E1F355}.Release|ARM64.Build.0 = Release|Any CPU
		{E9A17A50-9CB2-4FC7-896A-F04A61E1F355}.Release|x64.ActiveCfg = Release|Any CPU
		{E9A17A50-9CB2-4FC7-896A-F04A61E1F355}.Release|x64.Build.0 = Release|Any CPU
		{E9A17A50-9CB2-4FC7-896A-F04A61E1F355}.Release|x86.ActiveCfg = Release|Any CPU
		{E9A17A50-9CB2-4FC7-896A-F04A61E1F355}.Release|x86.Build.0 = Release|Any CPU
	EndGlobalSection
	GlobalSection(SolutionProperties) = preSolution
		HideSolutionNode = FALSE
	EndGlobalSection
	GlobalSection(ExtensibilityGlobals) = postSolution
		SolutionGuid = {E806CFC3-147E-42BD-B0EC-E26A5EE405F7}
	EndGlobalSection
EndGlobal
